
Microsoft Visual Studio Solution File, Format Version 9.00
# Visual Studio 2005
Project("{8BC9CEB8-8B4A-11D0-8D11-00A0C91BC942}") = "HypnoDemo", "HypnoDemo.vcproj", "{21B85F76-BF0D-487E-B59B-B2139A7D555F}"
EndProject
Global
	GlobalSection(SolutionConfigurationPlatforms) = preSolution
		Debug|Win32 = Debug|Win32
		Release|Win32 = Release|Win32
	EndGlobalSection
	GlobalSection(ProjectConfigurationPlatforms) = postSolution
		{21B85F76-BF0D-487E-B59B-B2139A7D555F}.Debug|Win32.ActiveCfg = Debug|Win32
		{21B85F76-BF0D-487E-B59B-B2139A7D555F}.Debug|Win32.Build.0 = Debug|Win32
		{21B85F76-BF0D-487E-B59B-B2139A7D555F}.Release|Win32.ActiveCfg = Release|Win32
		{21B85F76-BF0D-487E-B59B-B2139A7D555F}.Release|Win32.Build.0 = Release|Win32
	EndGlobalSection
	GlobalSection(SolutionProperties) = preSolution
		HideSolutionNode = FALSE
	EndGlobalSection
EndGlobal
